
Microsoft Visual Studio Solution File, Format Version 12.00
# Visual Studio Version 16
VisualStudioVersion = 16.0.33027.164
MinimumVisualStudioVersion = 10.0.40219.1
Project("{FAE04EC0-301F-11D3-BF4B-00C04F79EFBC}") = "RayTracing", "RayTracing\RayTracing.csproj", "{E32263BA-A953-422D-A56F-5BFEC88787CD}"
EndProject
Global
	GlobalSection(SolutionConfigurationPlatforms) = preSolution
		Debug|Any CPU = Debug|Any CPU
		Release|Any CPU = Release|Any CPU
	EndGlobalSection
	GlobalSection(ProjectConfigurationPlatforms) = postSolution
		{E32263BA-A953-422D-A56F-5BFEC88787CD}.Debug|Any CPU.ActiveCfg = Debug|Any CPU
		{E32263BA-A953-422D-A56F-5BFEC88787CD}.Debug|Any CPU.Build.0 = Debug|Any CPU
		{E32263BA-A953-422D-A56F-5BFEC88787CD}.Release|Any CPU.ActiveCfg = Release|Any CPU
		{E32263BA-A953-422D-A56F-5BFEC88787CD}.Release|Any CPU.Build.0 = Release|Any CPU
	EndGlobalSection
	GlobalSection(SolutionProperties) = preSolution
		HideSolutionNode = FALSE
	EndGlobalSection
	GlobalSection(ExtensibilityGlobals) = postSolution
		SolutionGuid = {52E57667-D4B3-4412-996A-636703D08685}
	EndGlobalSection
EndGlobal
